<?xml version="1.0" encoding="utf-8"?>
<Project ToolsVersion="4.0" xmlns="http://schemas.microsoft.com/developer/msbuild/2003">
  <ItemGroup>
    <Filter Include="Source Files">
      <UniqueIdentifier>{4FC737F1-C7A5-4376-A066-2A32D752A2FF}</UniqueIdentifier>
      <Extensions>cpp;c;cc;cxx;c++;cppm;ixx;def;odl;idl;hpj;bat;asm;asmx</Extensions>
    </Filter>
    <Filter Include="Header Files">
      <UniqueIdentifier>{93995380-89BD-4b04-88EB-625FBE52EBFB}</UniqueIdentifier>
      <Extensions>h;hh;hpp;hxx;h++;hm;inl;inc;ipp;xsd</Extensions>
    </Filter>
    <Filter Include="Resource Files">
      <UniqueIdentifier>{67DA6AB6-F800-4c08-8B7A-83BB121AAD01}</UniqueIdentifier>
      <Extensions>rc;ico;cur;bmp;dlg;rc2;rct;bin;rgs;gif;jpg;jpeg;jpe;resx;tiff;tif;png;wav;mfcribbon-ms</Extensions>
    </Filter>
    <Filter Include="DMM">
      <UniqueIdentifier>{e4c1be6f-f437-4d25-ae63-a7c4a059533a}</UniqueIdentifier>
    </Filter>
  </ItemGroup>
  <ItemGroup>
    <ClInclude Include="MainForm.h">
      <Filter>Header Files</Filter>
    </ClInclude>
    <ClInclude Include="EquipList.h">
      <Filter>Header Files</Filter>
    </ClInclude>
    <ClInclude Include="AboutForm.h">
      <Filter>Header Files</Filter>
    </ClInclude>
    <ClInclude Include="Global.h">
      <Filter>Header Files</Filter>
    </ClInclude>
    <ClInclude Include="Settings.h">
      <Filter>Header Files</Filter>
    </ClInclude>
    <ClInclude Include="XMLFinder.h">
      <Filter>Header Files</Filter>
    </ClInclude>
    <ClInclude Include="WaveFormData.h">
      <Filter>Header Files</Filter>
    </ClInclude>
    <ClInclude Include="WaveFormMeasurement.h">
      <Filter>Header Files</Filter>
    </ClInclude>
    <ClInclude Include="WaveFormSample.h">
      <Filter>Header Files</Filter>
    </ClInclude>
    <ClInclude Include="Envanter.h">
      <Filter>Header Files</Filter>
    </ClInclude>
    <ClInclude Include="Agilent3458.h">
      <Filter>DMM</Filter>
    </ClInclude>
    <ClInclude Include="GenericDMM.h">
      <Filter>DMM</Filter>
    </ClInclude>
    <ClInclude Include="Agilent34410.h">
      <Filter>DMM</Filter>
    </ClInclude>
    <ClInclude Include="GridObject.h">
      <Filter>Header Files</Filter>
    </ClInclude>
    <ClInclude Include="EnteringUI.h">
      <Filter>Header Files</Filter>
    </ClInclude>
    <ClInclude Include="SettingForm.h">
      <Filter>Header Files</Filter>
    </ClInclude>
    <ClInclude Include="Agilent34470.h">
      <Filter>DMM</Filter>
    </ClInclude>
    <ClInclude Include="GPIB.h">
      <Filter>DMM</Filter>
    </ClInclude>
    <ClInclude Include="resource.h">
      <Filter>Header Files</Filter>
    </ClInclude>
    <ClInclude Include="NIPXI4081.h">
      <Filter>DMM</Filter>
    </ClInclude>
    <ClInclude Include="Extensions.h">
      <Filter>Header Files</Filter>
    </ClInclude>
  </ItemGroup>
  <ItemGroup>
    <ClCompile Include="MainForm.cpp">
      <Filter>Source Files</Filter>
    </ClCompile>
    <ClCompile Include="AboutForm.cpp">
      <Filter>Source Files</Filter>
    </ClCompile>
    <ClCompile Include="EquipList.cpp">
      <Filter>Source Files</Filter>
    </ClCompile>
    <ClCompile Include="Global.cpp">
      <Filter>Source Files</Filter>
    </ClCompile>
    <ClCompile Include="Settings.cpp">
      <Filter>Source Files</Filter>
    </ClCompile>
    <ClCompile Include="XMLFinder.cpp">
      <Filter>Source Files</Filter>
    </ClCompile>
    <ClCompile Include="WaveFormData.cpp">
      <Filter>Source Files</Filter>
    </ClCompile>
    <ClCompile Include="WaveFormMeasurement.cpp">
      <Filter>Source Files</Filter>
    </ClCompile>
    <ClCompile Include="WaveFormSample.cpp">
      <Filter>Source Files</Filter>
    </ClCompile>
    <ClCompile Include="UIThread.cpp">
      <Filter>Source Files</Filter>
    </ClCompile>
    <ClCompile Include="Envanter.cpp">
      <Filter>Source Files</Filter>
    </ClCompile>
    <ClCompile Include="Agilent3458.cpp">
      <Filter>DMM</Filter>
    </ClCompile>
    <ClCompile Include="GenericDMM.cpp">
      <Filter>DMM</Filter>
    </ClCompile>
    <ClCompile Include="Agilent34410.cpp">
      <Filter>DMM</Filter>
    </ClCompile>
    <ClCompile Include="GridObject.cpp">
      <Filter>Source Files</Filter>
    </ClCompile>
    <ClCompile Include="EnteringUI.cpp">
      <Filter>Source Files</Filter>
    </ClCompile>
    <ClCompile Include="SettingForm.cpp">
      <Filter>Source Files</Filter>
    </ClCompile>
    <ClCompile Include="Agilent34470.cpp">
      <Filter>DMM</Filter>
    </ClCompile>
    <ClCompile Include="GPIB.cpp">
      <Filter>Source Files</Filter>
    </ClCompile>
    <ClCompile Include="NIPXI4081.cpp">
      <Filter>DMM</Filter>
    </ClCompile>
  </ItemGroup>
  <ItemGroup>
    <ResourceCompile Include="MeasLab.rc">
      <Filter>Resource Files</Filter>
    </ResourceCompile>
  </ItemGroup>
  <ItemGroup>
    <Image Include="icon1.ico">
      <Filter>Resource Files</Filter>
    </Image>
    <Image Include="ume.ico">
      <Filter>Resource Files</Filter>
    </Image>
  </ItemGroup>
  <ItemGroup>
    <Text Include="Version History.txt" />
  </ItemGroup>
</Project>